
Microsoft Visual Studio Solution File, Format Version 12.00
# Visual Studio Version 16
VisualStudioVersion = 16.0.29424.173
MinimumVisualStudioVersion = 10.0.40219.1
Project("{FAE04EC0-301F-11D3-BF4B-00C04F79EFBC}") = "ResourceEditor", "ResourceEditor\ResourceEditor.csproj", "{9B99C2B9-DE02-4F0D-A62C-03AD15158148}"
EndProject
Global
	GlobalSection(SolutionConfigurationPlatforms) = preSolution
		Debug|Any CPU = Debug|Any CPU
		Release|Any CPU = Release|Any CPU
	EndGlobalSection
	GlobalSection(ProjectConfigurationPlatforms) = postSolution
		{9B99C2B9-DE02-4F0D-A62C-03AD15158148}.Debug|Any CPU.ActiveCfg = Debug|Any CPU
		{9B99C2B9-DE02-4F0D-A62C-03AD15158148}.Debug|Any CPU.Build.0 = Debug|Any CPU
		{9B99C2B9-DE02-4F0D-A62C-03AD15158148}.Release|Any CPU.ActiveCfg = Release|Any CPU
		{9B99C2B9-DE02-4F0D-A62C-03AD15158148}.Release|Any CPU.Build.0 = Release|Any CPU
	EndGlobalSection
	GlobalSection(SolutionProperties) = preSolution
		HideSolutionNode = FALSE
	EndGlobalSection
	GlobalSection(ExtensibilityGlobals) = postSolution
		SolutionGuid = {EFDED33A-EE19-40D6-99D7-FE0A2B174B9E}
	EndGlobalSection
EndGlobal
